
Microsoft Visual Studio Solution File, Format Version 12.00
# Visual Studio Version 17
VisualStudioVersion = 17.8.34330.188
MinimumVisualStudioVersion = 10.0.40219.1
Project("{FAE04EC0-301F-11D3-BF4B-00C04F79EFBC}") = "ConsoleApp0312", "ConsoleApp0312.csproj", "{ED68093D-5B1E-46E2-80D2-3704030D4A0C}"
EndProject
Global
	GlobalSection(SolutionConfigurationPlatforms) = preSolution
		Debug|Any CPU = Debug|Any CPU
		Release|Any CPU = Release|Any CPU
	EndGlobalSection
	GlobalSection(ProjectConfigurationPlatforms) = postSolution
		{ED68093D-5B1E-46E2-80D2-3704030D4A0C}.Debug|Any CPU.ActiveCfg = Debug|Any CPU
		{ED68093D-5B1E-46E2-80D2-3704030D4A0C}.Debug|Any CPU.Build.0 = Debug|Any CPU
		{ED68093D-5B1E-46E2-80D2-3704030D4A0C}.Release|Any CPU.ActiveCfg = Release|Any CPU
		{ED68093D-5B1E-46E2-80D2-3704030D4A0C}.Release|Any CPU.Build.0 = Release|Any CPU
	EndGlobalSection
	GlobalSection(SolutionProperties) = preSolution
		HideSolutionNode = FALSE
	EndGlobalSection
	GlobalSection(ExtensibilityGlobals) = postSolution
		SolutionGuid = {C85BBD19-013A-4F13-AE3D-78F40AC811E1}
	EndGlobalSection
EndGlobal
